
Microsoft Visual Studio Solution File, Format Version 12.00
# Visual Studio Version 17
VisualStudioVersion = 17.1.32407.343
MinimumVisualStudioVersion = 10.0.40219.1
Project("{9A19103F-16F7-4668-BE54-9A1E7A4F7556}") = "RangeTask", "RangeTask\RangeTask.csproj", "{5ACEB132-BE4C-47E5-B018-107E651C82B4}"
EndProject
Project("{9A19103F-16F7-4668-BE54-9A1E7A4F7556}") = "VectorTask", "VectorTask\VectorTask.csproj", "{C60E9210-76CE-436A-B7D8-B813AD56F10D}"
EndProject
Project("{9A19103F-16F7-4668-BE54-9A1E7A4F7556}") = "MatrixTask", "MatrixTask\MatrixTask.csproj", "{80985567-19A1-4AF6-BCA3-32057BF65815}"
EndProject
Project("{9A19103F-16F7-4668-BE54-9A1E7A4F7556}") = "ShapesTask", "ShapesTask\ShapesTask.csproj", "{97E3FA82-D5FC-4827-9CDC-410DD3D54C33}"
EndProject
Project("{9A19103F-16F7-4668-BE54-9A1E7A4F7556}") = "ListTask", "ListTask\ListTask.csproj", "{91D0B552-E1C8-4CA8-A122-828F78C77157}"
EndProject
Project("{FAE04EC0-301F-11D3-BF4B-00C04F79EFBC}") = "ArrayListTask", "ArrayListTask\ArrayListTask.csproj", "{D12747F7-E7FC-4063-BB88-F88A43FAB1B6}"
EndProject
Global
	GlobalSection(SolutionConfigurationPlatforms) = preSolution
		Debug|Any CPU = Debug|Any CPU
		Release|Any CPU = Release|Any CPU
	EndGlobalSection
	GlobalSection(ProjectConfigurationPlatforms) = postSolution
		{5ACEB132-BE4C-47E5-B018-107E651C82B4}.Debug|Any CPU.ActiveCfg = Debug|Any CPU
		{5ACEB132-BE4C-47E5-B018-107E651C82B4}.Debug|Any CPU.Build.0 = Debug|Any CPU
		{5ACEB132-BE4C-47E5-B018-107E651C82B4}.Release|Any CPU.ActiveCfg = Release|Any CPU
		{5ACEB132-BE4C-47E5-B018-107E651C82B4}.Release|Any CPU.Build.0 = Release|Any CPU
		{C60E9210-76CE-436A-B7D8-B813AD56F10D}.Debug|Any CPU.ActiveCfg = Debug|Any CPU
		{C60E9210-76CE-436A-B7D8-B813AD56F10D}.Debug|Any CPU.Build.0 = Debug|Any CPU
		{C60E9210-76CE-436A-B7D8-B813AD56F10D}.Release|Any CPU.ActiveCfg = Release|Any CPU
		{C60E9210-76CE-436A-B7D8-B813AD56F10D}.Release|Any CPU.Build.0 = Release|Any CPU
		{80985567-19A1-4AF6-BCA3-32057BF65815}.Debug|Any CPU.ActiveCfg = Debug|Any CPU
		{80985567-19A1-4AF6-BCA3-32057BF65815}.Debug|Any CPU.Build.0 = Debug|Any CPU
		{80985567-19A1-4AF6-BCA3-32057BF65815}.Release|Any CPU.ActiveCfg = Release|Any CPU
		{80985567-19A1-4AF6-BCA3-32057BF65815}.Release|Any CPU.Build.0 = Release|Any CPU
		{97E3FA82-D5FC-4827-9CDC-410DD3D54C33}.Debug|Any CPU.ActiveCfg = Debug|Any CPU
		{97E3FA82-D5FC-4827-9CDC-410DD3D54C33}.Debug|Any CPU.Build.0 = Debug|Any CPU
		{97E3FA82-D5FC-4827-9CDC-410DD3D54C33}.Release|Any CPU.ActiveCfg = Release|Any CPU
		{97E3FA82-D5FC-4827-9CDC-410DD3D54C33}.Release|Any CPU.Build.0 = Release|Any CPU
		{91D0B552-E1C8-4CA8-A122-828F78C77157}.Debug|Any CPU.ActiveCfg = Debug|Any CPU
		{91D0B552-E1C8-4CA8-A122-828F78C77157}.Debug|Any CPU.Build.0 = Debug|Any CPU
		{91D0B552-E1C8-4CA8-A122-828F78C77157}.Release|Any CPU.ActiveCfg = Release|Any CPU
		{91D0B552-E1C8-4CA8-A122-828F78C77157}.Release|Any CPU.Build.0 = Release|Any CPU
		{D12747F7-E7FC-4063-BB88-F88A43FAB1B6}.Debug|Any CPU.ActiveCfg = Debug|Any CPU
		{D12747F7-E7FC-4063-BB88-F88A43FAB1B6}.Debug|Any CPU.Build.0 = Debug|Any CPU
		{D12747F7-E7FC-4063-BB88-F88A43FAB1B6}.Release|Any CPU.ActiveCfg = Release|Any CPU
		{D12747F7-E7FC-4063-BB88-F88A43FAB1B6}.Release|Any CPU.Build.0 = Release|Any CPU
	EndGlobalSection
	GlobalSection(SolutionProperties) = preSolution
		HideSolutionNode = FALSE
	EndGlobalSection
	GlobalSection(ExtensibilityGlobals) = postSolution
		SolutionGuid = {8758E506-882C-48ED-B8F8-80501AA882EA}
	EndGlobalSection
EndGlobal
